
Microsoft Visual Studio Solution File, Format Version 12.00
# Visual Studio 15
VisualStudioVersion = 15.0.28307.1062
MinimumVisualStudioVersion = 10.0.40219.1
Project("{FAE04EC0-301F-11D3-BF4B-00C04F79EFBC}") = "CICS2", "CICS2\CICS2.csproj", "{E9BFE3DD-D65D-49EF-9753-06B67E6430DF}"
EndProject
Global
	GlobalSection(SolutionConfigurationPlatforms) = preSolution
		Debug|Any CPU = Debug|Any CPU
		Release|Any CPU = Release|Any CPU
	EndGlobalSection
	GlobalSection(ProjectConfigurationPlatforms) = postSolution
		{E9BFE3DD-D65D-49EF-9753-06B67E6430DF}.Debug|Any CPU.ActiveCfg = Debug|Any CPU
		{E9BFE3DD-D65D-49EF-9753-06B67E6430DF}.Debug|Any CPU.Build.0 = Debug|Any CPU
		{E9BFE3DD-D65D-49EF-9753-06B67E6430DF}.Release|Any CPU.ActiveCfg = Release|Any CPU
		{E9BFE3DD-D65D-49EF-9753-06B67E6430DF}.Release|Any CPU.Build.0 = Release|Any CPU
	EndGlobalSection
	GlobalSection(SolutionProperties) = preSolution
		HideSolutionNode = FALSE
	EndGlobalSection
	GlobalSection(ExtensibilityGlobals) = postSolution
		SolutionGuid = {0C358DBD-FDFE-4810-8C26-65925B48DEF3}
	EndGlobalSection
EndGlobal
